# This file is autogenerated, do not edit; changes may be undone by the next 'dep ensure'.


[[projects]]
  branch = "master"
  digest = "1:e36960e2745bc3b1562d55cb1d8755c16c9946f54bab79c2ebabd641b825d493"
  name = "github.com/Wessie/appdirs"
  packages = ["."]
  pruneopts = "UT"
  revision = "6573e894f8e294cbae0c4e45c25ff9f2e2918a4e"

[[projects]]
  digest = "1:4fccdfee795ed29cee7c5318f0c67661ac9760ade1c78580feb19bdba44998c4"
  name = "github.com/apache/pulsar"
  packages = ["pulsar-client-go/pulsar"]
  pruneopts = "UT"
  revision = "8e4b35f2e0b4f0a5fa4dfa94aeb40bfb366f990e"
  version = "v2.2.0"

[[projects]]
  branch = "master"
  digest = "1:cf3fae5cf866b40859a517cf3c71dc0f673d9e45f1fa81b4b1ea9aaa8daf3f3f"
  name = "github.com/flopp/go-coordsparser"
  packages = ["."]
  pruneopts = "UT"
  revision = "845bca739e263e1cd38de25024a47b4d6acbfc1f"

[[projects]]
  branch = "master"
  digest = "1:66435dc0234e787dbc8be2e20321011bb4cb4c82b65539bc88d86987ebe620f0"
  name = "github.com/flopp/go-staticmaps"
  packages = ["."]
  pruneopts = "UT"
  revision = "320790ed53294a789e715b3d0d5da8110efea1a2"

[[projects]]
  digest = "1:1758e788ff491eac33104f164d720408fdd0c294c639c883350463c4435af316"
  name = "github.com/fogleman/gg"
  packages = ["."]
  pruneopts = "UT"
  revision = "a9ff18eccd6d57b3c8576a71a91a04868f62078c"
  version = "v1.1.0"

[[projects]]
  branch = "master"
  digest = "1:62c57507df491b657e9ae2645f30958d9964c8eeb380600469eedc951ebb3a0e"
  name = "github.com/golang/freetype"
  packages = [
    "raster",
    "truetype",
  ]
  pruneopts = "UT"
  revision = "e2365dfdc4a05e4b8299a783240d4a7d5a65d4e4"

[[projects]]
  branch = "master"
  digest = "1:d22845779d6e7e44216773e6b3c4d9386a1c0bef11d9477a81e02b2d09980de8"
  name = "github.com/golang/geo"
  packages = [
    "r1",
    "r2",
    "r3",
    "s1",
    "s2",
  ]
  pruneopts = "UT"
  revision = "476085157cff9aaeef4d4f124649436542d4114a"

[[projects]]
  branch = "master"
  digest = "1:3608299a5104e29cf9a464f00bbe28472f1eca133a4fc9483718b5589238b135"
  name = "github.com/tkrajina/gpxgo"
  packages = ["gpx"]
  pruneopts = "UT"
  revision = "1b1f71eb1b590891d4ce4e1325f8bacbb20d8d4c"

[[projects]]
  branch = "master"
  digest = "1:c1a51e0afd2452a4156bc404f1e71c56cf7fe57ae8552cf0404cd3c880f77fd3"
  name = "golang.org/x/image"
  packages = [
    "draw",
    "font",
    "font/basicfont",
    "font/plan9font",
    "math/f64",
    "math/fixed",
  ]
  pruneopts = "UT"
  revision = "63626fb251ce5d89650d28bc5d6ccd7d63a70fef"

[solve-meta]
  analyzer-name = "dep"
  analyzer-version = 1
  input-imports = [
    "github.com/apache/pulsar/pulsar-client-go/pulsar",
    "github.com/flopp/go-staticmaps",
    "github.com/fogleman/gg",
    "github.com/golang/geo/s2",
  ]
  solver-name = "gps-cdcl"
  solver-version = 1
